
Microsoft Visual Studio Solution File, Format Version 12.00
# Visual Studio Version 16
VisualStudioVersion = 16.0.29411.108
MinimumVisualStudioVersion = 10.0.40219.1
Project("{9A19103F-16F7-4668-BE54-9A1E7A4F7556}") = "Sample1.Tests", "Sample1.Tests\Sample1.Tests.csproj", "{A999A01E-681A-4175-BF11-FEB5EA8453D9}"
EndProject
Project("{9A19103F-16F7-4668-BE54-9A1E7A4F7556}") = "Sample1.NetCore", "Sample1.NetCore\Sample1.NetCore.csproj", "{812E9301-3C6A-40E1-9371-38989E8E2E8B}"
EndProject
Project("{9A19103F-16F7-4668-BE54-9A1E7A4F7556}") = "Sample2.Tests", "Sample2.Tests\Sample2.Tests.csproj", "{600168C3-1E7E-4E58-8F9A-6467C92FBD4C}"
EndProject
Global
	GlobalSection(SolutionConfigurationPlatforms) = preSolution
		Debug|Any CPU = Debug|Any CPU
		Release|Any CPU = Release|Any CPU
	EndGlobalSection
	GlobalSection(ProjectConfigurationPlatforms) = postSolution
		{A999A01E-681A-4175-BF11-FEB5EA8453D9}.Debug|Any CPU.ActiveCfg = Debug|Any CPU
		{A999A01E-681A-4175-BF11-FEB5EA8453D9}.Debug|Any CPU.Build.0 = Debug|Any CPU
		{A999A01E-681A-4175-BF11-FEB5EA8453D9}.Release|Any CPU.ActiveCfg = Release|Any CPU
		{A999A01E-681A-4175-BF11-FEB5EA8453D9}.Release|Any CPU.Build.0 = Release|Any CPU
		{812E9301-3C6A-40E1-9371-38989E8E2E8B}.Debug|Any CPU.ActiveCfg = Debug|Any CPU
		{812E9301-3C6A-40E1-9371-38989E8E2E8B}.Debug|Any CPU.Build.0 = Debug|Any CPU
		{812E9301-3C6A-40E1-9371-38989E8E2E8B}.Release|Any CPU.ActiveCfg = Release|Any CPU
		{812E9301-3C6A-40E1-9371-38989E8E2E8B}.Release|Any CPU.Build.0 = Release|Any CPU
		{600168C3-1E7E-4E58-8F9A-6467C92FBD4C}.Debug|Any CPU.ActiveCfg = Debug|Any CPU
		{600168C3-1E7E-4E58-8F9A-6467C92FBD4C}.Debug|Any CPU.Build.0 = Debug|Any CPU
		{600168C3-1E7E-4E58-8F9A-6467C92FBD4C}.Release|Any CPU.ActiveCfg = Release|Any CPU
		{600168C3-1E7E-4E58-8F9A-6467C92FBD4C}.Release|Any CPU.Build.0 = Release|Any CPU
	EndGlobalSection
	GlobalSection(SolutionProperties) = preSolution
		HideSolutionNode = FALSE
	EndGlobalSection
	GlobalSection(ExtensibilityGlobals) = postSolution
		SolutionGuid = {BFD28514-4774-45D3-BF54-3B658D3D88B4}
	EndGlobalSection
EndGlobal
